
Microsoft Visual Studio Solution File, Format Version 12.00
# Visual Studio Version 17
VisualStudioVersion = 17.0.31919.166
MinimumVisualStudioVersion = 10.0.40219.1
Project("{FAE04EC0-301F-11D3-BF4B-00C04F79EFBC}") = "WildAnimalsAtSkansen", "WildAnimalsAtSkansen\WildAnimalsAtSkansen.csproj", "{380050C8-80CA-4D2C-ABC6-2C0F618952E5}"
EndProject
Global
	GlobalSection(SolutionConfigurationPlatforms) = preSolution
		Debug|Any CPU = Debug|Any CPU
		Release|Any CPU = Release|Any CPU
	EndGlobalSection
	GlobalSection(ProjectConfigurationPlatforms) = postSolution
		{380050C8-80CA-4D2C-ABC6-2C0F618952E5}.Debug|Any CPU.ActiveCfg = Debug|Any CPU
		{380050C8-80CA-4D2C-ABC6-2C0F618952E5}.Debug|Any CPU.Build.0 = Debug|Any CPU
		{380050C8-80CA-4D2C-ABC6-2C0F618952E5}.Release|Any CPU.ActiveCfg = Release|Any CPU
		{380050C8-80CA-4D2C-ABC6-2C0F618952E5}.Release|Any CPU.Build.0 = Release|Any CPU
	EndGlobalSection
	GlobalSection(SolutionProperties) = preSolution
		HideSolutionNode = FALSE
	EndGlobalSection
	GlobalSection(ExtensibilityGlobals) = postSolution
		SolutionGuid = {02161A30-AE8B-4D62-AA81-6BCDC7C46EA3}
	EndGlobalSection
EndGlobal
